
Microsoft Visual Studio Solution File, Format Version 12.00
# Visual Studio 15
VisualStudioVersion = 15.0.26430.16
MinimumVisualStudioVersion = 10.0.40219.1
Project("{FAE04EC0-301F-11D3-BF4B-00C04F79EFBC}") = "Bex.Models", "Bex.Models\Bex.Models.csproj", "{1E83C5C5-C953-4304-987D-F4A0D2E2618B}"
EndProject
Project("{FAE04EC0-301F-11D3-BF4B-00C04F79EFBC}") = "Bex.Common", "Bex.Common\Bex.Common.csproj", "{A0168A9D-C054-4888-830C-2A7AC400C2B5}"
EndProject
Project("{FAE04EC0-301F-11D3-BF4B-00C04F79EFBC}") = "BexMVC", "BexMVC\BexMVC.csproj", "{15DAEFFC-2016-483A-A7BB-B20BADB817C4}"
EndProject
Project("{FAE04EC0-301F-11D3-BF4B-00C04F79EFBC}") = "Bex.DAL.EF.Common", "Bex.DAL.EF.Common\Bex.DAL.EF.Common.csproj", "{AE1EE308-DE41-4F83-A459-7FD29720F4BA}"
EndProject
Project("{FAE04EC0-301F-11D3-BF4B-00C04F79EFBC}") = "Bex.DAL.EF.Models", "Bex.DAL.EF.Models\Bex.DAL.EF.Models.csproj", "{4AFAFE12-B6A3-49B8-86B4-7F2BAE2804E6}"
EndProject
Project("{2150E333-8FDC-42A3-9474-1A3956D46DE8}") = "DAL", "DAL", "{91B5E36D-9A8D-486A-B4EA-BE23B98E9448}"
EndProject
Project("{FAE04EC0-301F-11D3-BF4B-00C04F79EFBC}") = "Bex.DAL.EF.UOW", "Bex.DAL.EF.UOW\Bex.DAL.EF.UOW.csproj", "{BFAC2F89-A765-48D8-BDA5-668E3C04223D}"
EndProject
Project("{FAE04EC0-301F-11D3-BF4B-00C04F79EFBC}") = "Bex.DAL.EF.Contexts.Main", "Bex.DAL.EF.Contexts.Main\Bex.DAL.EF.Contexts.Main.csproj", "{2B3900D8-4044-453D-ABCA-B41CE4BF317A}"
EndProject
Project("{FAE04EC0-301F-11D3-BF4B-00C04F79EFBC}") = "AspNet.DAL.EF.Contexts.Security", "AspNet.DAL.EF.Contexts.Security\AspNet.DAL.EF.Contexts.Security.csproj", "{01D010CC-5861-4BA4-A495-FEC388C7687C}"
EndProject
Project("{2150E333-8FDC-42A3-9474-1A3956D46DE8}") = "DAL.OWIN", "DAL.OWIN", "{1296D78D-B245-4240-ACBB-62472E5A5107}"
EndProject
Project("{FAE04EC0-301F-11D3-BF4B-00C04F79EFBC}") = "AspNet.DAL.EF.Models.Security", "AspNet.DAL.EF.Models.Security\AspNet.DAL.EF.Models.Security.csproj", "{B8E084E2-3F31-45D5-A959-DAC421DB1343}"
EndProject
Project("{FAE04EC0-301F-11D3-BF4B-00C04F79EFBC}") = "AspNet.DAL.EF.UOW.Security", "AspNet.DAL.EF.UOW.Security\AspNet.DAL.EF.UOW.Security.csproj", "{4E555B2C-67B9-4E0B-BFD2-428296A6214A}"
EndProject
Project("{FAE04EC0-301F-11D3-BF4B-00C04F79EFBC}") = "DDtrafic", "Test1\DDtrafic.csproj", "{FAC9E5A0-F651-4D3D-99DF-BE5EFBF4AE02}"
EndProject
Global
	GlobalSection(SolutionConfigurationPlatforms) = preSolution
		Debug|Any CPU = Debug|Any CPU
		Release|Any CPU = Release|Any CPU
	EndGlobalSection
	GlobalSection(ProjectConfigurationPlatforms) = postSolution
		{1E83C5C5-C953-4304-987D-F4A0D2E2618B}.Debug|Any CPU.ActiveCfg = Debug|Any CPU
		{1E83C5C5-C953-4304-987D-F4A0D2E2618B}.Debug|Any CPU.Build.0 = Debug|Any CPU
		{1E83C5C5-C953-4304-987D-F4A0D2E2618B}.Release|Any CPU.ActiveCfg = Release|Any CPU
		{1E83C5C5-C953-4304-987D-F4A0D2E2618B}.Release|Any CPU.Build.0 = Release|Any CPU
		{A0168A9D-C054-4888-830C-2A7AC400C2B5}.Debug|Any CPU.ActiveCfg = Debug|Any CPU
		{A0168A9D-C054-4888-830C-2A7AC400C2B5}.Debug|Any CPU.Build.0 = Debug|Any CPU
		{A0168A9D-C054-4888-830C-2A7AC400C2B5}.Release|Any CPU.ActiveCfg = Release|Any CPU
		{A0168A9D-C054-4888-830C-2A7AC400C2B5}.Release|Any CPU.Build.0 = Release|Any CPU
		{15DAEFFC-2016-483A-A7BB-B20BADB817C4}.Debug|Any CPU.ActiveCfg = Debug|Any CPU
		{15DAEFFC-2016-483A-A7BB-B20BADB817C4}.Debug|Any CPU.Build.0 = Debug|Any CPU
		{15DAEFFC-2016-483A-A7BB-B20BADB817C4}.Release|Any CPU.ActiveCfg = Release|Any CPU
		{15DAEFFC-2016-483A-A7BB-B20BADB817C4}.Release|Any CPU.Build.0 = Release|Any CPU
		{AE1EE308-DE41-4F83-A459-7FD29720F4BA}.Debug|Any CPU.ActiveCfg = Debug|Any CPU
		{AE1EE308-DE41-4F83-A459-7FD29720F4BA}.Debug|Any CPU.Build.0 = Debug|Any CPU
		{AE1EE308-DE41-4F83-A459-7FD29720F4BA}.Release|Any CPU.ActiveCfg = Release|Any CPU
		{AE1EE308-DE41-4F83-A459-7FD29720F4BA}.Release|Any CPU.Build.0 = Release|Any CPU
		{4AFAFE12-B6A3-49B8-86B4-7F2BAE2804E6}.Debug|Any CPU.ActiveCfg = Debug|Any CPU
		{4AFAFE12-B6A3-49B8-86B4-7F2BAE2804E6}.Debug|Any CPU.Build.0 = Debug|Any CPU
		{4AFAFE12-B6A3-49B8-86B4-7F2BAE2804E6}.Release|Any CPU.ActiveCfg = Release|Any CPU
		{4AFAFE12-B6A3-49B8-86B4-7F2BAE2804E6}.Release|Any CPU.Build.0 = Release|Any CPU
		{BFAC2F89-A765-48D8-BDA5-668E3C04223D}.Debug|Any CPU.ActiveCfg = Debug|Any CPU
		{BFAC2F89-A765-48D8-BDA5-668E3C04223D}.Debug|Any CPU.Build.0 = Debug|Any CPU
		{BFAC2F89-A765-48D8-BDA5-668E3C04223D}.Release|Any CPU.ActiveCfg = Release|Any CPU
		{BFAC2F89-A765-48D8-BDA5-668E3C04223D}.Release|Any CPU.Build.0 = Release|Any CPU
		{2B3900D8-4044-453D-ABCA-B41CE4BF317A}.Debug|Any CPU.ActiveCfg = Debug|Any CPU
		{2B3900D8-4044-453D-ABCA-B41CE4BF317A}.Debug|Any CPU.Build.0 = Debug|Any CPU
		{2B3900D8-4044-453D-ABCA-B41CE4BF317A}.Release|Any CPU.ActiveCfg = Release|Any CPU
		{2B3900D8-4044-453D-ABCA-B41CE4BF317A}.Release|Any CPU.Build.0 = Release|Any CPU
		{01D010CC-5861-4BA4-A495-FEC388C7687C}.Debug|Any CPU.ActiveCfg = Debug|Any CPU
		{01D010CC-5861-4BA4-A495-FEC388C7687C}.Debug|Any CPU.Build.0 = Debug|Any CPU
		{01D010CC-5861-4BA4-A495-FEC388C7687C}.Release|Any CPU.ActiveCfg = Release|Any CPU
		{01D010CC-5861-4BA4-A495-FEC388C7687C}.Release|Any CPU.Build.0 = Release|Any CPU
		{B8E084E2-3F31-45D5-A959-DAC421DB1343}.Debug|Any CPU.ActiveCfg = Debug|Any CPU
		{B8E084E2-3F31-45D5-A959-DAC421DB1343}.Debug|Any CPU.Build.0 = Debug|Any CPU
		{B8E084E2-3F31-45D5-A959-DAC421DB1343}.Release|Any CPU.ActiveCfg = Release|Any CPU
		{B8E084E2-3F31-45D5-A959-DAC421DB1343}.Release|Any CPU.Build.0 = Release|Any CPU
		{4E555B2C-67B9-4E0B-BFD2-428296A6214A}.Debug|Any CPU.ActiveCfg = Debug|Any CPU
		{4E555B2C-67B9-4E0B-BFD2-428296A6214A}.Debug|Any CPU.Build.0 = Debug|Any CPU
		{4E555B2C-67B9-4E0B-BFD2-428296A6214A}.Release|Any CPU.ActiveCfg = Release|Any CPU
		{4E555B2C-67B9-4E0B-BFD2-428296A6214A}.Release|Any CPU.Build.0 = Release|Any CPU
		{FAC9E5A0-F651-4D3D-99DF-BE5EFBF4AE02}.Debug|Any CPU.ActiveCfg = Debug|Any CPU
		{FAC9E5A0-F651-4D3D-99DF-BE5EFBF4AE02}.Debug|Any CPU.Build.0 = Debug|Any CPU
		{FAC9E5A0-F651-4D3D-99DF-BE5EFBF4AE02}.Release|Any CPU.ActiveCfg = Release|Any CPU
		{FAC9E5A0-F651-4D3D-99DF-BE5EFBF4AE02}.Release|Any CPU.Build.0 = Release|Any CPU
	EndGlobalSection
	GlobalSection(SolutionProperties) = preSolution
		HideSolutionNode = FALSE
	EndGlobalSection
	GlobalSection(NestedProjects) = preSolution
		{AE1EE308-DE41-4F83-A459-7FD29720F4BA} = {91B5E36D-9A8D-486A-B4EA-BE23B98E9448}
		{4AFAFE12-B6A3-49B8-86B4-7F2BAE2804E6} = {91B5E36D-9A8D-486A-B4EA-BE23B98E9448}
		{BFAC2F89-A765-48D8-BDA5-668E3C04223D} = {91B5E36D-9A8D-486A-B4EA-BE23B98E9448}
		{2B3900D8-4044-453D-ABCA-B41CE4BF317A} = {91B5E36D-9A8D-486A-B4EA-BE23B98E9448}
		{01D010CC-5861-4BA4-A495-FEC388C7687C} = {1296D78D-B245-4240-ACBB-62472E5A5107}
		{B8E084E2-3F31-45D5-A959-DAC421DB1343} = {91B5E36D-9A8D-486A-B4EA-BE23B98E9448}
		{4E555B2C-67B9-4E0B-BFD2-428296A6214A} = {91B5E36D-9A8D-486A-B4EA-BE23B98E9448}
	EndGlobalSection
	GlobalSection(ExtensibilityGlobals) = postSolution
		SolutionGuid = {0090DC1C-5DE8-4B74-875D-471802905C76}
	EndGlobalSection
EndGlobal
